
Microsoft Visual Studio Solution File, Format Version 12.00
# Visual Studio 2013
VisualStudioVersion = 12.0.21005.1
MinimumVisualStudioVersion = 10.0.40219.1
Project("{FAE04EC0-301F-11D3-BF4B-00C04F79EFBC}") = "UITestingExample", "UITestingExample\UITestingExample.csproj", "{AC67BC44-0ADB-4477-99C6-49F8298E1A19}"
EndProject
Project("{FAE04EC0-301F-11D3-BF4B-00C04F79EFBC}") = "UITesting", "UITesting\UITesting.csproj", "{D17524DD-2F37-424E-BD6F-8AB92666E7EE}"
EndProject
Global
	GlobalSection(SolutionConfigurationPlatforms) = preSolution
		Debug|Any CPU = Debug|Any CPU
		Release|Any CPU = Release|Any CPU
	EndGlobalSection
	GlobalSection(ProjectConfigurationPlatforms) = postSolution
		{AC67BC44-0ADB-4477-99C6-49F8298E1A19}.Debug|Any CPU.ActiveCfg = Debug|Any CPU
		{AC67BC44-0ADB-4477-99C6-49F8298E1A19}.Debug|Any CPU.Build.0 = Debug|Any CPU
		{AC67BC44-0ADB-4477-99C6-49F8298E1A19}.Release|Any CPU.ActiveCfg = Release|Any CPU
		{AC67BC44-0ADB-4477-99C6-49F8298E1A19}.Release|Any CPU.Build.0 = Release|Any CPU
		{D17524DD-2F37-424E-BD6F-8AB92666E7EE}.Debug|Any CPU.ActiveCfg = Debug|Any CPU
		{D17524DD-2F37-424E-BD6F-8AB92666E7EE}.Debug|Any CPU.Build.0 = Debug|Any CPU
		{D17524DD-2F37-424E-BD6F-8AB92666E7EE}.Release|Any CPU.ActiveCfg = Release|Any CPU
		{D17524DD-2F37-424E-BD6F-8AB92666E7EE}.Release|Any CPU.Build.0 = Release|Any CPU
	EndGlobalSection
	GlobalSection(SolutionProperties) = preSolution
		HideSolutionNode = FALSE
	EndGlobalSection
EndGlobal
